
Microsoft Visual Studio Solution File, Format Version 12.00
# Visual Studio Version 17
VisualStudioVersion = 17.3.32929.385
MinimumVisualStudioVersion = 10.0.40219.1
Project("{9A19103F-16F7-4668-BE54-9A1E7A4F7556}") = "00_Biblioteca", "..\00_Biblioteca\00_Biblioteca.csproj", "{4FEEF16E-22D9-4B30-8BA0-7F530A82D4FB}"
EndProject
Project("{FAE04EC0-301F-11D3-BF4B-00C04F79EFBC}") = "O1_SerializarXML", "..\O1_SerializarXML\O1_SerializarXML.csproj", "{21DD3892-A8F7-422E-81E3-5622BB96CCCC}"
EndProject
Project("{FAE04EC0-301F-11D3-BF4B-00C04F79EFBC}") = "02_DeserializarXML", "02_DeserializarXML\02_DeserializarXML.csproj", "{47792969-E065-431D-A65C-E8F9CA5A7169}"
EndProject
Project("{FAE04EC0-301F-11D3-BF4B-00C04F79EFBC}") = "03_SerializarJASON", "03_SerializarJASON\03_SerializarJASON.csproj", "{62F17C9E-758E-4527-9AF2-289BF6857C69}"
EndProject
Project("{FAE04EC0-301F-11D3-BF4B-00C04F79EFBC}") = "04_DeserializarJSON", "04_DeserializarJSON\04_DeserializarJSON.csproj", "{B93410DF-4B26-4F8D-829C-5F7B2460051F}"
EndProject
Global
	GlobalSection(SolutionConfigurationPlatforms) = preSolution
		Debug|Any CPU = Debug|Any CPU
		Release|Any CPU = Release|Any CPU
	EndGlobalSection
	GlobalSection(ProjectConfigurationPlatforms) = postSolution
		{4FEEF16E-22D9-4B30-8BA0-7F530A82D4FB}.Debug|Any CPU.ActiveCfg = Debug|Any CPU
		{4FEEF16E-22D9-4B30-8BA0-7F530A82D4FB}.Debug|Any CPU.Build.0 = Debug|Any CPU
		{4FEEF16E-22D9-4B30-8BA0-7F530A82D4FB}.Release|Any CPU.ActiveCfg = Release|Any CPU
		{4FEEF16E-22D9-4B30-8BA0-7F530A82D4FB}.Release|Any CPU.Build.0 = Release|Any CPU
		{21DD3892-A8F7-422E-81E3-5622BB96CCCC}.Debug|Any CPU.ActiveCfg = Debug|Any CPU
		{21DD3892-A8F7-422E-81E3-5622BB96CCCC}.Debug|Any CPU.Build.0 = Debug|Any CPU
		{21DD3892-A8F7-422E-81E3-5622BB96CCCC}.Release|Any CPU.ActiveCfg = Release|Any CPU
		{21DD3892-A8F7-422E-81E3-5622BB96CCCC}.Release|Any CPU.Build.0 = Release|Any CPU
		{47792969-E065-431D-A65C-E8F9CA5A7169}.Debug|Any CPU.ActiveCfg = Debug|Any CPU
		{47792969-E065-431D-A65C-E8F9CA5A7169}.Debug|Any CPU.Build.0 = Debug|Any CPU
		{47792969-E065-431D-A65C-E8F9CA5A7169}.Release|Any CPU.ActiveCfg = Release|Any CPU
		{47792969-E065-431D-A65C-E8F9CA5A7169}.Release|Any CPU.Build.0 = Release|Any CPU
		{62F17C9E-758E-4527-9AF2-289BF6857C69}.Debug|Any CPU.ActiveCfg = Debug|Any CPU
		{62F17C9E-758E-4527-9AF2-289BF6857C69}.Debug|Any CPU.Build.0 = Debug|Any CPU
		{62F17C9E-758E-4527-9AF2-289BF6857C69}.Release|Any CPU.ActiveCfg = Release|Any CPU
		{62F17C9E-758E-4527-9AF2-289BF6857C69}.Release|Any CPU.Build.0 = Release|Any CPU
		{B93410DF-4B26-4F8D-829C-5F7B2460051F}.Debug|Any CPU.ActiveCfg = Debug|Any CPU
		{B93410DF-4B26-4F8D-829C-5F7B2460051F}.Debug|Any CPU.Build.0 = Debug|Any CPU
		{B93410DF-4B26-4F8D-829C-5F7B2460051F}.Release|Any CPU.ActiveCfg = Release|Any CPU
		{B93410DF-4B26-4F8D-829C-5F7B2460051F}.Release|Any CPU.Build.0 = Release|Any CPU
	EndGlobalSection
	GlobalSection(SolutionProperties) = preSolution
		HideSolutionNode = FALSE
	EndGlobalSection
	GlobalSection(ExtensibilityGlobals) = postSolution
		SolutionGuid = {368870EB-9BB0-485A-8489-C095CF5C8C13}
	EndGlobalSection
EndGlobal
